<?xml version="1.0" encoding="utf-8"?>
<Project ToolsVersion="4.0" xmlns="http://schemas.microsoft.com/developer/msbuild/2003">
  <ItemGroup>
    <Filter Include="Resource Files">
      <UniqueIdentifier>{67DA6AB6-F800-4c08-8B7A-83BB121AAD01}</UniqueIdentifier>
      <Extensions>rc;ico;cur;bmp;dlg;rc2;rct;bin;rgs;gif;jpg;jpeg;jpe;resx;tiff;tif;png;wav;mfcribbon-ms</Extensions>
    </Filter>
    <Filter Include="src">
      <UniqueIdentifier>{fd105022-b601-49a8-865e-88273438b4e5}</UniqueIdentifier>
    </Filter>
  </ItemGroup>
  <ItemGroup>
    <ClCompile Include="..\src\Main.cpp">
      <Filter>src</Filter>
    </ClCompile>
    <ClCompile Include="..\src\Engine.cpp">
      <Filter>src</Filter>
    </ClCompile>
    <ClCompile Include="..\src\glad.c">
      <Filter>src</Filter>
    </ClCompile>
    <ClCompile Include="..\src\Viewport.cpp">
      <Filter>src</Filter>
    </ClCompile>
    <ClCompile Include="..\src\Shader.cpp">
      <Filter>src</Filter>
    </ClCompile>
    <ClCompile Include="..\src\Material.cpp">
      <Filter>src</Filter>
    </ClCompile>
    <ClCompile Include="..\src\Buffer.cpp">
      <Filter>src</Filter>
    </ClCompile>
    <ClCompile Include="..\src\Mesh.cpp">
      <Filter>src</Filter>
    </ClCompile>
  </ItemGroup>
  <ItemGroup>
    <ClInclude Include="..\src\Engine.h">
      <Filter>src</Filter>
    </ClInclude>
    <ClInclude Include="..\src\Viewport.h">
      <Filter>src</Filter>
    </ClInclude>
    <ClInclude Include="..\src\SVertex.h">
      <Filter>src</Filter>
    </ClInclude>
    <ClInclude Include="resource.h" />
    <ClInclude Include="..\src\Shader.h">
      <Filter>src</Filter>
    </ClInclude>
    <ClInclude Include="..\src\Material.h">
      <Filter>src</Filter>
    </ClInclude>
    <ClInclude Include="..\src\Buffer.h">
      <Filter>src</Filter>
    </ClInclude>
    <ClInclude Include="..\src\Mesh.h">
      <Filter>src</Filter>
    </ClInclude>
  </ItemGroup>
  <ItemGroup>
    <ResourceCompile Include="OPEN_GL_ABGABE.rc">
      <Filter>Resource Files</Filter>
    </ResourceCompile>
  </ItemGroup>
  <ItemGroup>
    <None Include="..\resource\Fragment.glsl">
      <Filter>Resource Files</Filter>
    </None>
    <None Include="..\resource\Vertex.glsl">
      <Filter>Resource Files</Filter>
    </None>
  </ItemGroup>
</Project>